
Microsoft Visual Studio Solution File, Format Version 12.00
# Visual Studio Version 17
VisualStudioVersion = 17.13.35806.99
MinimumVisualStudioVersion = 10.0.40219.1
Project("{FAE04EC0-301F-11D3-BF4B-00C04F79EFBC}") = "UnimailCsSdk", "unimail-cs-sdk\UnimailCsSdk.csproj", "{6E7F56E4-FDCA-4BED-B25D-7678651B42F2}"
EndProject
Project("{FAE04EC0-301F-11D3-BF4B-00C04F79EFBC}") = "localTest", "localTest\localTest.csproj", "{CA17ECB2-8137-40A6-8255-2A2194AE384E}"
EndProject
Project("{FAE04EC0-301F-11D3-BF4B-00C04F79EFBC}") = "PackageTest", "PackageTest\PackageTest.csproj", "{1ECB5F49-E57F-489F-8E23-4550CFF2B923}"
EndProject
Global
	GlobalSection(SolutionConfigurationPlatforms) = preSolution
		Debug|Any CPU = Debug|Any CPU
		Release|Any CPU = Release|Any CPU
	EndGlobalSection
	GlobalSection(ProjectConfigurationPlatforms) = postSolution
		{6E7F56E4-FDCA-4BED-B25D-7678651B42F2}.Debug|Any CPU.ActiveCfg = Debug|Any CPU
		{6E7F56E4-FDCA-4BED-B25D-7678651B42F2}.Debug|Any CPU.Build.0 = Debug|Any CPU
		{6E7F56E4-FDCA-4BED-B25D-7678651B42F2}.Release|Any CPU.ActiveCfg = Release|Any CPU
		{6E7F56E4-FDCA-4BED-B25D-7678651B42F2}.Release|Any CPU.Build.0 = Release|Any CPU
		{CA17ECB2-8137-40A6-8255-2A2194AE384E}.Debug|Any CPU.ActiveCfg = Debug|Any CPU
		{CA17ECB2-8137-40A6-8255-2A2194AE384E}.Debug|Any CPU.Build.0 = Debug|Any CPU
		{CA17ECB2-8137-40A6-8255-2A2194AE384E}.Release|Any CPU.ActiveCfg = Release|Any CPU
		{CA17ECB2-8137-40A6-8255-2A2194AE384E}.Release|Any CPU.Build.0 = Release|Any CPU
		{1ECB5F49-E57F-489F-8E23-4550CFF2B923}.Debug|Any CPU.ActiveCfg = Debug|Any CPU
		{1ECB5F49-E57F-489F-8E23-4550CFF2B923}.Debug|Any CPU.Build.0 = Debug|Any CPU
		{1ECB5F49-E57F-489F-8E23-4550CFF2B923}.Release|Any CPU.ActiveCfg = Release|Any CPU
		{1ECB5F49-E57F-489F-8E23-4550CFF2B923}.Release|Any CPU.Build.0 = Release|Any CPU
	EndGlobalSection
	GlobalSection(SolutionProperties) = preSolution
		HideSolutionNode = FALSE
	EndGlobalSection
	GlobalSection(ExtensibilityGlobals) = postSolution
		SolutionGuid = {7C81E3B4-828F-4959-AF7F-2F14CC44E18E}
	EndGlobalSection
EndGlobal
